
Microsoft Visual Studio Solution File, Format Version 12.00
# Visual Studio 2013
VisualStudioVersion = 12.0.30723.0
MinimumVisualStudioVersion = 10.0.40219.1
Project("{F2A71F9B-5D33-465A-A702-920D77279786}") = "FSharp.Data.Stats.Aus.TypeProviders", "FSharp.Data.Stats.Aus.TypeProviders\FSharp.Data.Stats.Aus.TypeProviders.fsproj", "{D26F0566-CA74-47CD-AC9C-CE74C509546A}"
EndProject
Project("{F2A71F9B-5D33-465A-A702-920D77279786}") = "FSharp.Data.Stats.Aus.Seek", "FSharp.Data.Stats.Aus.Seek\FSharp.Data.Stats.Aus.Seek.fsproj", "{81243959-5415-41CB-80A2-2BF468C0D6D0}"
EndProject
Project("{F2A71F9B-5D33-465A-A702-920D77279786}") = "FSharp.Data.Stats.Aus.AEMO", "FSharp.Data.Stats.Aus.AEMO\FSharp.Data.Stats.Aus.AEMO.fsproj", "{8AEAE3FB-CB39-4CD5-A392-C2CC1146C54A}"
EndProject
Project("{F2A71F9B-5D33-465A-A702-920D77279786}") = "FSharp.Data.Stats.Aus.Experiments", "FSharp.Data.Stats.Aus.Experiments\FSharp.Data.Stats.Aus.Experiments.fsproj", "{A5F73605-FEF0-45D0-AC0B-51C4CBB95C3D}"
EndProject
Global
	GlobalSection(SolutionConfigurationPlatforms) = preSolution
		Debug|Any CPU = Debug|Any CPU
		Release|Any CPU = Release|Any CPU
	EndGlobalSection
	GlobalSection(ProjectConfigurationPlatforms) = postSolution
		{D26F0566-CA74-47CD-AC9C-CE74C509546A}.Debug|Any CPU.ActiveCfg = Debug|Any CPU
		{D26F0566-CA74-47CD-AC9C-CE74C509546A}.Debug|Any CPU.Build.0 = Debug|Any CPU
		{D26F0566-CA74-47CD-AC9C-CE74C509546A}.Release|Any CPU.ActiveCfg = Release|Any CPU
		{D26F0566-CA74-47CD-AC9C-CE74C509546A}.Release|Any CPU.Build.0 = Release|Any CPU
		{81243959-5415-41CB-80A2-2BF468C0D6D0}.Debug|Any CPU.ActiveCfg = Debug|Any CPU
		{81243959-5415-41CB-80A2-2BF468C0D6D0}.Debug|Any CPU.Build.0 = Debug|Any CPU
		{81243959-5415-41CB-80A2-2BF468C0D6D0}.Release|Any CPU.ActiveCfg = Release|Any CPU
		{81243959-5415-41CB-80A2-2BF468C0D6D0}.Release|Any CPU.Build.0 = Release|Any CPU
		{8AEAE3FB-CB39-4CD5-A392-C2CC1146C54A}.Debug|Any CPU.ActiveCfg = Debug|Any CPU
		{8AEAE3FB-CB39-4CD5-A392-C2CC1146C54A}.Debug|Any CPU.Build.0 = Debug|Any CPU
		{8AEAE3FB-CB39-4CD5-A392-C2CC1146C54A}.Release|Any CPU.ActiveCfg = Release|Any CPU
		{8AEAE3FB-CB39-4CD5-A392-C2CC1146C54A}.Release|Any CPU.Build.0 = Release|Any CPU
		{A5F73605-FEF0-45D0-AC0B-51C4CBB95C3D}.Debug|Any CPU.ActiveCfg = Debug|Any CPU
		{A5F73605-FEF0-45D0-AC0B-51C4CBB95C3D}.Debug|Any CPU.Build.0 = Debug|Any CPU
		{A5F73605-FEF0-45D0-AC0B-51C4CBB95C3D}.Release|Any CPU.ActiveCfg = Release|Any CPU
		{A5F73605-FEF0-45D0-AC0B-51C4CBB95C3D}.Release|Any CPU.Build.0 = Release|Any CPU
	EndGlobalSection
	GlobalSection(SolutionProperties) = preSolution
		HideSolutionNode = FALSE
	EndGlobalSection
EndGlobal
